{
  "name": "sameroof",
  "version": "0.1.0",
  "lockfileVersion": 3,
  "requires": true,
  "packages": {
    "": {
      "name": "sameroof",
      "version": "0.1.0",
      "license": "MIT",
      "workspaces": [
        "packages/*"
      ]
    },
    "node_modules/@sameroof/adapters": {
      "resolved": "packages/adapters",
      "link": true
    },
    "node_modules/@sameroof/broker": {
      "resolved": "packages/broker",
      "link": true
    },
    "node_modules/@sameroof/cli": {
      "resolved": "packages/cli",
      "link": true
    },
    "node_modules/@sameroof/house-root": {
      "resolved": "packages/house-root",
      "link": true
    },
    "node_modules/@sameroof/jcs": {
      "resolved": "packages/jcs",
      "link": true
    },
    "node_modules/@sameroof/living-room": {
      "resolved": "packages/living-room",
      "link": true
    },
    "node_modules/@sameroof/plugin-blackboard": {
      "resolved": "packages/plugin-blackboard",
      "link": true
    },
    "node_modules/@sameroof/plugin-memory": {
      "resolved": "packages/plugin-memory",
      "link": true
    },
    "node_modules/@sameroof/schema": {
      "resolved": "packages/schema",
      "link": true
    },
    "packages/adapters": {
      "name": "@sameroof/adapters",
      "version": "0.1.0",
      "license": "MIT",
      "dependencies": {
        "@sameroof/house-root": "0.1.0",
        "@sameroof/plugin-memory": "0.1.0",
        "js-yaml": "^5.4.1"
      }
    },
    "packages/adapters/node_modules/js-yaml": {
      "version": "5.4.1",
      "resolved": "https://registry.npmjs.org/js-yaml/-/js-yaml-5.4.1.tgz",
      "integrity": "sha512-28R/k+NAjeuf7+CKlTxWZVExJGwVVLwY06DgEnOMz2gEpfNkDcD7QvyiVPT0xy0XXhU8vHsd4Ot42OOPdJG7dQ==",
      "funding": [
        {
          "type": "github",
          "url": "https://github.com/sponsors/puzrin"
        },
        {
          "type": "github",
          "url": "https://github.com/sponsors/nodeca"
        }
      ],
      "license": "MIT",
      "dependencies": {
        "argparse": "^2.0.1"
      },
      "bin": {
        "js-yaml": "bin/js-yaml.mjs"
      }
    },
    "packages/adapters/node_modules/js-yaml/node_modules/argparse": {
      "version": "2.0.1",
      "resolved": "https://registry.npmjs.org/argparse/-/argparse-2.0.1.tgz",
      "integrity": "sha512-8+9WqebbFzpX9OR+Wa6O29asIogeRMzcGtAINdpMHHyAg10f05aSFVBbcEqGf/PXw1EjAZ+q2/bEBg3DvurK3Q==",
      "license": "Python-2.0"
    },
    "packages/broker": {
      "name": "@sameroof/broker",
      "version": "0.1.0",
      "dependencies": {
        "better-sqlite3": "^13.0.3",
        "web-push": "^3.6.7"
      },
      "bin": {
        "sameroof-broker": "brokerctl.js"
      }
    },
    "packages/broker/node_modules/agent-base": {
      "version": "7.1.4",
      "license": "MIT",
      "engines": {
        "node": ">= 14"
      }
    },
    "packages/broker/node_modules/asn1.js": {
      "version": "5.4.1",
      "license": "MIT",
      "dependencies": {
        "bn.js": "^4.0.0",
        "inherits": "^2.0.1",
        "minimalistic-assert": "^1.0.0",
        "safer-buffer": "^2.1.0"
      }
    },
    "packages/broker/node_modules/better-sqlite3": {
      "version": "13.0.3",
      "license": "MIT",
      "dependencies": {
        "node-addon-api": "^8.0.0"
      },
      "engines": {
        "node": ">=22"
      }
    },
    "packages/broker/node_modules/bn.js": {
      "version": "4.12.5",
      "license": "MIT"
    },
    "packages/broker/node_modules/buffer-equal-constant-time": {
      "version": "1.0.1",
      "license": "BSD-3-Clause"
    },
    "packages/broker/node_modules/debug": {
      "version": "4.4.3",
      "license": "MIT",
      "dependencies": {
        "ms": "^2.1.3"
      },
      "engines": {
        "node": ">=6.0"
      },
      "peerDependenciesMeta": {
        "supports-color": {
          "optional": true
        }
      }
    },
    "packages/broker/node_modules/ecdsa-sig-formatter": {
      "version": "1.0.11",
      "license": "Apache-2.0",
      "dependencies": {
        "safe-buffer": "^5.0.1"
      }
    },
    "packages/broker/node_modules/http_ece": {
      "version": "1.2.0",
      "license": "MIT",
      "engines": {
        "node": ">=16"
      }
    },
    "packages/broker/node_modules/https-proxy-agent": {
      "version": "7.0.6",
      "license": "MIT",
      "dependencies": {
        "agent-base": "^7.1.2",
        "debug": "4"
      },
      "engines": {
        "node": ">= 14"
      }
    },
    "packages/broker/node_modules/inherits": {
      "version": "2.0.4",
      "license": "ISC"
    },
    "packages/broker/node_modules/jwa": {
      "version": "2.0.1",
      "license": "MIT",
      "dependencies": {
        "buffer-equal-constant-time": "^1.0.1",
        "ecdsa-sig-formatter": "1.0.11",
        "safe-buffer": "^5.0.1"
      }
    },
    "packages/broker/node_modules/jws": {
      "version": "4.0.1",
      "license": "MIT",
      "dependencies": {
        "jwa": "^2.0.1",
        "safe-buffer": "^5.0.1"
      }
    },
    "packages/broker/node_modules/minimalistic-assert": {
      "version": "1.0.1",
      "license": "ISC"
    },
    "packages/broker/node_modules/minimist": {
      "version": "1.2.8",
      "license": "MIT",
      "funding": {
        "url": "https://github.com/sponsors/ljharb"
      }
    },
    "packages/broker/node_modules/ms": {
      "version": "2.1.3",
      "license": "MIT"
    },
    "packages/broker/node_modules/node-addon-api": {
      "version": "8.9.2",
      "license": "MIT",
      "engines": {
        "node": "^18 || ^20 || >= 21"
      }
    },
    "packages/broker/node_modules/safe-buffer": {
      "version": "5.2.1",
      "funding": [
        {
          "type": "github",
          "url": "https://github.com/sponsors/feross"
        },
        {
          "type": "patreon",
          "url": "https://www.patreon.com/feross"
        },
        {
          "type": "consulting",
          "url": "https://feross.org/support"
        }
      ],
      "license": "MIT"
    },
    "packages/broker/node_modules/safer-buffer": {
      "version": "2.1.2",
      "license": "MIT"
    },
    "packages/broker/node_modules/web-push": {
      "version": "3.6.7",
      "license": "MPL-2.0",
      "dependencies": {
        "asn1.js": "^5.3.0",
        "http_ece": "1.2.0",
        "https-proxy-agent": "^7.0.0",
        "jws": "^4.0.0",
        "minimist": "^1.2.5"
      },
      "bin": {
        "web-push": "src/cli.js"
      },
      "engines": {
        "node": ">= 16"
      }
    },
    "packages/cli": {
      "name": "@sameroof/cli",
      "version": "0.1.0",
      "dependencies": {
        "yaml": "^2.8.1"
      },
      "bin": {
        "sameroof": "index.js"
      }
    },
    "packages/cli/node_modules/yaml": {
      "version": "2.9.0",
      "license": "ISC",
      "bin": {
        "yaml": "bin.mjs"
      },
      "engines": {
        "node": ">= 14.6"
      },
      "funding": {
        "url": "https://github.com/sponsors/eemeli"
      }
    },
    "packages/house-root": {
      "name": "@sameroof/house-root",
      "version": "0.1.0",
      "license": "MIT"
    },
    "packages/jcs": {
      "name": "@sameroof/jcs",
      "version": "0.1.0",
      "license": "MIT"
    },
    "packages/living-room": {
      "name": "@sameroof/living-room",
      "version": "0.2.0",
      "license": "MIT",
      "dependencies": {
        "@sameroof/house-root": "0.1.0",
        "@sameroof/jcs": "0.1.0",
        "better-sqlite3": "^13.0.3",
        "js-yaml": "^5.4.1"
      },
      "bin": {
        "sameroof-living-room-tokens": "tokens.js"
      }
    },
    "packages/living-room/node_modules/argparse": {
      "version": "2.0.1",
      "license": "Python-2.0"
    },
    "packages/living-room/node_modules/better-sqlite3": {
      "version": "13.0.3",
      "license": "MIT",
      "dependencies": {
        "node-addon-api": "^8.0.0"
      },
      "engines": {
        "node": ">=22"
      }
    },
    "packages/living-room/node_modules/js-yaml": {
      "version": "5.4.1",
      "funding": [
        {
          "type": "github",
          "url": "https://github.com/sponsors/puzrin"
        },
        {
          "type": "github",
          "url": "https://github.com/sponsors/nodeca"
        }
      ],
      "license": "MIT",
      "dependencies": {
        "argparse": "^2.0.1"
      },
      "bin": {
        "js-yaml": "bin/js-yaml.mjs"
      }
    },
    "packages/living-room/node_modules/node-addon-api": {
      "version": "8.9.2",
      "license": "MIT",
      "engines": {
        "node": "^18 || ^20 || >= 21"
      }
    },
    "packages/plugin-blackboard": {
      "name": "@sameroof/plugin-blackboard",
      "version": "0.1.0",
      "license": "MIT"
    },
    "packages/plugin-memory": {
      "name": "@sameroof/plugin-memory",
      "version": "0.1.0",
      "license": "MIT"
    },
    "packages/schema": {
      "name": "@sameroof/schema",
      "version": "0.1.0",
      "dependencies": {
        "ajv": "^8.17.1",
        "yaml": "^2.8.1"
      }
    },
    "packages/schema/node_modules/ajv": {
      "version": "8.20.0",
      "license": "MIT",
      "dependencies": {
        "fast-deep-equal": "^3.1.3",
        "fast-uri": "^3.0.1",
        "json-schema-traverse": "^1.0.0",
        "require-from-string": "^2.0.2"
      },
      "funding": {
        "type": "github",
        "url": "https://github.com/sponsors/epoberezkin"
      }
    },
    "packages/schema/node_modules/fast-deep-equal": {
      "version": "3.1.3",
      "license": "MIT"
    },
    "packages/schema/node_modules/fast-uri": {
      "version": "3.1.7",
      "funding": [
        {
          "type": "github",
          "url": "https://github.com/sponsors/fastify"
        },
        {
          "type": "opencollective",
          "url": "https://opencollective.com/fastify"
        }
      ],
      "license": "BSD-3-Clause"
    },
    "packages/schema/node_modules/json-schema-traverse": {
      "version": "1.0.0",
      "license": "MIT"
    },
    "packages/schema/node_modules/require-from-string": {
      "version": "2.0.2",
      "license": "MIT",
      "engines": {
        "node": ">=0.10.0"
      }
    },
    "packages/schema/node_modules/yaml": {
      "version": "2.9.0",
      "license": "ISC",
      "bin": {
        "yaml": "bin.mjs"
      },
      "engines": {
        "node": ">= 14.6"
      },
      "funding": {
        "url": "https://github.com/sponsors/eemeli"
      }
    }
  }
}
